// !$*UTF8*$!
{
	archiveVersion = 1;
	classes = {
	};
	objectVersion = 55;
	objects = {

/* Begin PBXBuildFile section */
		000E08DD28AB8D1900CC126F /* Camera.storyboard in Resources */ = {isa = PBXBuildFile; fileRef = 000E08DC28AB8D1900CC126F /* Camera.storyboard */; };
		004F800D28A8B51C00D504DC /* AppDelegate.swift in Sources */ = {isa = PBXBuildFile; fileRef = 004F800C28A8B51C00D504DC /* AppDelegate.swift */; };
		004F800F28A8B51C00D504DC /* SceneDelegate.swift in Sources */ = {isa = PBXBuildFile; fileRef = 004F800E28A8B51C00D504DC /* SceneDelegate.swift */; };
		004F801128A8B51C00D504DC /* ViewController.swift in Sources */ = {isa = PBXBuildFile; fileRef = 004F801028A8B51C00D504DC /* ViewController.swift */; };
		004F801428A8B51C00D504DC /* Main.storyboard in Resources */ = {isa = PBXBuildFile; fileRef = 004F801228A8B51C00D504DC /* Main.storyboard */; };
		004F801628A8B51F00D504DC /* Assets.xcassets in Resources */ = {isa = PBXBuildFile; fileRef = 004F801528A8B51F00D504DC /* Assets.xcassets */; };
		004F801928A8B51F00D504DC /* LaunchScreen.storyboard in Resources */ = {isa = PBXBuildFile; fileRef = 004F801728A8B51F00D504DC /* LaunchScreen.storyboard */; };
		004F802428A8B51F00D504DC /* MultipleCaptureCameraDemoTests.swift in Sources */ = {isa = PBXBuildFile; fileRef = 004F802328A8B51F00D504DC /* MultipleCaptureCameraDemoTests.swift */; };
		004F802E28A8B51F00D504DC /* MultipleCaptureCameraDemoUITests.swift in Sources */ = {isa = PBXBuildFile; fileRef = 004F802D28A8B51F00D504DC /* MultipleCaptureCameraDemoUITests.swift */; };
		004F803028A8B51F00D504DC /* MultipleCaptureCameraDemoUITestsLaunchTests.swift in Sources */ = {isa = PBXBuildFile; fileRef = 004F802F28A8B51F00D504DC /* MultipleCaptureCameraDemoUITestsLaunchTests.swift */; };
		004F803F28A8C0BE00D504DC /* CameraVC.swift in Sources */ = {isa = PBXBuildFile; fileRef = 004F803D28A8C0BD00D504DC /* CameraVC.swift */; };
		004F804328A8CD6A00D504DC /* TriggerButton.swift in Sources */ = {isa = PBXBuildFile; fileRef = 004F804228A8CD6A00D504DC /* TriggerButton.swift */; };
		004F804728A8FDCD00D504DC /* CameraCollectionViewCell.swift in Sources */ = {isa = PBXBuildFile; fileRef = 004F804528A8FDCD00D504DC /* CameraCollectionViewCell.swift */; };
		004F804828A8FDCD00D504DC /* CameraCollectionViewCell.xib in Resources */ = {isa = PBXBuildFile; fileRef = 004F804628A8FDCD00D504DC /* CameraCollectionViewCell.xib */; };
		004F804C28A903C600D504DC /* CaptureManager.swift in Sources */ = {isa = PBXBuildFile; fileRef = 004F804B28A903C600D504DC /* CaptureManager.swift */; };
		004F804E28A9041900D504DC /* LowLightService.swift in Sources */ = {isa = PBXBuildFile; fileRef = 004F804D28A9041900D504DC /* LowLightService.swift */; };
		004F805028A9042B00D504DC /* LightingCondition.swift in Sources */ = {isa = PBXBuildFile; fileRef = 004F804F28A9042B00D504DC /* LightingCondition.swift */; };
		00B2AC2028AA5B1E006425D9 /* PhotoStorage.swift in Sources */ = {isa = PBXBuildFile; fileRef = 00B2AC1F28AA5B1E006425D9 /* PhotoStorage.swift */; };
/* End PBXBuildFile section */

/* Begin PBXContainerItemProxy section */
		004F802028A8B51F00D504DC /* PBXContainerItemProxy */ = {
			isa = PBXContainerItemProxy;
			containerPortal = 004F800128A8B51C00D504DC /* Project object */;
			proxyType = 1;
			remoteGlobalIDString = 004F800828A8B51C00D504DC;
			remoteInfo = MultipleCaptureCameraDemo;
		};
		004F802A28A8B51F00D504DC /* PBXContainerItemProxy */ = {
			isa = PBXContainerItemProxy;
			containerPortal = 004F800128A8B51C00D504DC /* Project object */;
			proxyType = 1;
			remoteGlobalIDString = 004F800828A8B51C00D504DC;
			remoteInfo = MultipleCaptureCameraDemo;
		};
/* End PBXContainerItemProxy section */

/* Begin PBXFileReference section */
		000E08DC28AB8D1900CC126F /* Camera.storyboard */ = {isa = PBXFileReference; lastKnownFileType = file.storyboard; path = Camera.storyboard; sourceTree = "<group>"; };
		004F800928A8B51C00D504DC /* MultipleCaptureCameraDemo.app */ = {isa = PBXFileReference; explicitFileType = wrapper.application; includeInIndex = 0; path = MultipleCaptureCameraDemo.app; sourceTree = BUILT_PRODUCTS_DIR; };
		004F800C28A8B51C00D504DC /* AppDelegate.swift */ = {isa = PBXFileReference; lastKnownFileType = sourcecode.swift; path = AppDelegate.swift; sourceTree = "<group>"; };
		004F800E28A8B51C00D504DC /* SceneDelegate.swift */ = {isa = PBXFileReference; lastKnownFileType = sourcecode.swift; path = SceneDelegate.swift; sourceTree = "<group>"; };
		004F801028A8B51C00D504DC /* ViewController.swift */ = {isa = PBXFileReference; lastKnownFileType = sourcecode.swift; path = ViewController.swift; sourceTree = "<group>"; };
		004F801328A8B51C00D504DC /* Base */ = {isa = PBXFileReference; lastKnownFileType = file.storyboard; name = Base; path = Base.lproj/Main.storyboard; sourceTree = "<group>"; };
		004F801528A8B51F00D504DC /* Assets.xcassets */ = {isa = PBXFileReference; lastKnownFileType = folder.assetcatalog; path = Assets.xcassets; sourceTree = "<group>"; };
		004F801828A8B51F00D504DC /* Base */ = {isa = PBXFileReference; lastKnownFileType = file.storyboard; name = Base; path = Base.lproj/LaunchScreen.storyboard; sourceTree = "<group>"; };
		004F801A28A8B51F00D504DC /* Info.plist */ = {isa = PBXFileReference; lastKnownFileType = text.plist.xml; path = Info.plist; sourceTree = "<group>"; };
		004F801F28A8B51F00D504DC /* MultipleCaptureCameraDemoTests.xctest */ = {isa = PBXFileReference; explicitFileType = wrapper.cfbundle; includeInIndex = 0; path = MultipleCaptureCameraDemoTests.xctest; sourceTree = BUILT_PRODUCTS_DIR; };
		004F802328A8B51F00D504DC /* MultipleCaptureCameraDemoTests.swift */ = {isa = PBXFileReference; lastKnownFileType = sourcecode.swift; path = MultipleCaptureCameraDemoTests.swift; sourceTree = "<group>"; };
		004F802928A8B51F00D504DC /* MultipleCaptureCameraDemoUITests.xctest */ = {isa = PBXFileReference; explicitFileType = wrapper.cfbundle; includeInIndex = 0; path = MultipleCaptureCameraDemoUITests.xctest; sourceTree = BUILT_PRODUCTS_DIR; };
		004F802D28A8B51F00D504DC /* MultipleCaptureCameraDemoUITests.swift */ = {isa = PBXFileReference; lastKnownFileType = sourcecode.swift; path = MultipleCaptureCameraDemoUITests.swift; sourceTree = "<group>"; };
		004F802F28A8B51F00D504DC /* MultipleCaptureCameraDemoUITestsLaunchTests.swift */ = {isa = PBXFileReference; lastKnownFileType = sourcecode.swift; path = MultipleCaptureCameraDemoUITestsLaunchTests.swift; sourceTree = "<group>"; };
		004F803D28A8C0BD00D504DC /* CameraVC.swift */ = {isa = PBXFileReference; lastKnownFileType = sourcecode.swift; path = CameraVC.swift; sourceTree = "<group>"; };
		004F804228A8CD6A00D504DC /* TriggerButton.swift */ = {isa = PBXFileReference; lastKnownFileType = sourcecode.swift; path = TriggerButton.swift; sourceTree = "<group>"; };
		004F804528A8FDCD00D504DC /* CameraCollectionViewCell.swift */ = {isa = PBXFileReference; lastKnownFileType = sourcecode.swift; path = CameraCollectionViewCell.swift; sourceTree = "<group>"; };
		004F804628A8FDCD00D504DC /* CameraCollectionViewCell.xib */ = {isa = PBXFileReference; lastKnownFileType = file.xib; path = CameraCollectionViewCell.xib; sourceTree = "<group>"; };
		004F804B28A903C600D504DC /* CaptureManager.swift */ = {isa = PBXFileReference; fileEncoding = 4; lastKnownFileType = sourcecode.swift; path = CaptureManager.swift; sourceTree = "<group>"; };
		004F804D28A9041900D504DC /* LowLightService.swift */ = {isa = PBXFileReference; fileEncoding = 4; lastKnownFileType = sourcecode.swift; path = LowLightService.swift; sourceTree = "<group>"; };
		004F804F28A9042B00D504DC /* LightingCondition.swift */ = {isa = PBXFileReference; fileEncoding = 4; lastKnownFileType = sourcecode.swift; path = LightingCondition.swift; sourceTree = "<group>"; };
		00B2AC1F28AA5B1E006425D9 /* PhotoStorage.swift */ = {isa = PBXFileReference; lastKnownFileType = sourcecode.swift; path = PhotoStorage.swift; sourceTree = "<group>"; };
/* End PBXFileReference section */

/* Begin PBXFrameworksBuildPhase section */
		004F800628A8B51C00D504DC /* Frameworks */ = {
			isa = PBXFrameworksBuildPhase;
			buildActionMask = 2147483647;
			files = (
			);
			runOnlyForDeploymentPostprocessing = 0;
		};
		004F801C28A8B51F00D504DC /* Frameworks */ = {
			isa = PBXFrameworksBuildPhase;
			buildActionMask = 2147483647;
			files = (
			);
			runOnlyForDeploymentPostprocessing = 0;
		};
		004F802628A8B51F00D504DC /* Frameworks */ = {
			isa = PBXFrameworksBuildPhase;
			buildActionMask = 2147483647;
			files = (
			);
			runOnlyForDeploymentPostprocessing = 0;
		};
/* End PBXFrameworksBuildPhase section */

/* Begin PBXGroup section */
		004F800028A8B51C00D504DC = {
			isa = PBXGroup;
			children = (
				004F800B28A8B51C00D504DC /* MultipleCaptureCameraDemo */,
				004F802228A8B51F00D504DC /* MultipleCaptureCameraDemoTests */,
				004F802C28A8B51F00D504DC /* MultipleCaptureCameraDemoUITests */,
				004F800A28A8B51C00D504DC /* Products */,
			);
			sourceTree = "<group>";
		};
		004F800A28A8B51C00D504DC /* Products */ = {
			isa = PBXGroup;
			children = (
				004F800928A8B51C00D504DC /* MultipleCaptureCameraDemo.app */,
				004F801F28A8B51F00D504DC /* MultipleCaptureCameraDemoTests.xctest */,
				004F802928A8B51F00D504DC /* MultipleCaptureCameraDemoUITests.xctest */,
			);
			name = Products;
			sourceTree = "<group>";
		};
		004F800B28A8B51C00D504DC /* MultipleCaptureCameraDemo */ = {
			isa = PBXGroup;
			children = (
				004F803C28A8C09700D504DC /* CameraVC */,
				004F800C28A8B51C00D504DC /* AppDelegate.swift */,
				004F800E28A8B51C00D504DC /* SceneDelegate.swift */,
				004F801028A8B51C00D504DC /* ViewController.swift */,
				004F801228A8B51C00D504DC /* Main.storyboard */,
				004F801528A8B51F00D504DC /* Assets.xcassets */,
				004F801728A8B51F00D504DC /* LaunchScreen.storyboard */,
				004F801A28A8B51F00D504DC /* Info.plist */,
			);
			path = MultipleCaptureCameraDemo;
			sourceTree = "<group>";
		};
		004F802228A8B51F00D504DC /* MultipleCaptureCameraDemoTests */ = {
			isa = PBXGroup;
			children = (
				004F802328A8B51F00D504DC /* MultipleCaptureCameraDemoTests.swift */,
			);
			path = MultipleCaptureCameraDemoTests;
			sourceTree = "<group>";
		};
		004F802C28A8B51F00D504DC /* MultipleCaptureCameraDemoUITests */ = {
			isa = PBXGroup;
			children = (
				004F802D28A8B51F00D504DC /* MultipleCaptureCameraDemoUITests.swift */,
				004F802F28A8B51F00D504DC /* MultipleCaptureCameraDemoUITestsLaunchTests.swift */,
			);
			path = MultipleCaptureCameraDemoUITests;
			sourceTree = "<group>";
		};
		004F803C28A8C09700D504DC /* CameraVC */ = {
			isa = PBXGroup;
			children = (
				00B2AC1E28AA34AD006425D9 /* CaptureManager */,
				004F804428A8FD7300D504DC /* CameraCollectionViewCell */,
				004F804128A8CBF100D504DC /* CameraUtility */,
				004F803D28A8C0BD00D504DC /* CameraVC.swift */,
				000E08DC28AB8D1900CC126F /* Camera.storyboard */,
			);
			path = CameraVC;
			sourceTree = "<group>";
		};
		004F804128A8CBF100D504DC /* CameraUtility */ = {
			isa = PBXGroup;
			children = (
				004F804F28A9042B00D504DC /* LightingCondition.swift */,
				004F804D28A9041900D504DC /* LowLightService.swift */,
				004F804228A8CD6A00D504DC /* TriggerButton.swift */,
				00B2AC1F28AA5B1E006425D9 /* PhotoStorage.swift */,
			);
			path = CameraUtility;
			sourceTree = "<group>";
		};
		004F804428A8FD7300D504DC /* CameraCollectionViewCell */ = {
			isa = PBXGroup;
			children = (
				004F804528A8FDCD00D504DC /* CameraCollectionViewCell.swift */,
				004F804628A8FDCD00D504DC /* CameraCollectionViewCell.xib */,
			);
			path = CameraCollectionViewCell;
			sourceTree = "<group>";
		};
		00B2AC1E28AA34AD006425D9 /* CaptureManager */ = {
			isa = PBXGroup;
			children = (
				004F804B28A903C600D504DC /* CaptureManager.swift */,
			);
			path = CaptureManager;
			sourceTree = "<group>";
		};
/* End PBXGroup section */

/* Begin PBXNativeTarget section */
		004F800828A8B51C00D504DC /* MultipleCaptureCameraDemo */ = {
			isa = PBXNativeTarget;
			buildConfigurationList = 004F803328A8B51F00D504DC /* Build configuration list for PBXNativeTarget "MultipleCaptureCameraDemo" */;
			buildPhases = (
				004F800528A8B51C00D504DC /* Sources */,
				004F800628A8B51C00D504DC /* Frameworks */,
				004F800728A8B51C00D504DC /* Resources */,
			);
			buildRules = (
			);
			dependencies = (
			);
			name = MultipleCaptureCameraDemo;
			productName = MultipleCaptureCameraDemo;
			productReference = 004F800928A8B51C00D504DC /* MultipleCaptureCameraDemo.app */;
			productType = "com.apple.product-type.application";
		};
		004F801E28A8B51F00D504DC /* MultipleCaptureCameraDemoTests */ = {
			isa = PBXNativeTarget;
			buildConfigurationList = 004F803628A8B51F00D504DC /* Build configuration list for PBXNativeTarget "MultipleCaptureCameraDemoTests" */;
			buildPhases = (
				004F801B28A8B51F00D504DC /* Sources */,
				004F801C28A8B51F00D504DC /* Frameworks */,
				004F801D28A8B51F00D504DC /* Resources */,
			);
			buildRules = (
			);
			dependencies = (
				004F802128A8B51F00D504DC /* PBXTargetDependency */,
			);
			name = MultipleCaptureCameraDemoTests;
			productName = MultipleCaptureCameraDemoTests;
			productReference = 004F801F28A8B51F00D504DC /* MultipleCaptureCameraDemoTests.xctest */;
			productType = "com.apple.product-type.bundle.unit-test";
		};
		004F802828A8B51F00D504DC /* MultipleCaptureCameraDemoUITests */ = {
			isa = PBXNativeTarget;
			buildConfigurationList = 004F803928A8B51F00D504DC /* Build configuration list for PBXNativeTarget "MultipleCaptureCameraDemoUITests" */;
			buildPhases = (
				004F802528A8B51F00D504DC /* Sources */,
				004F802628A8B51F00D504DC /* Frameworks */,
				004F802728A8B51F00D504DC /* Resources */,
			);
			buildRules = (
			);
			dependencies = (
				004F802B28A8B51F00D504DC /* PBXTargetDependency */,
			);
			name = MultipleCaptureCameraDemoUITests;
			productName = MultipleCaptureCameraDemoUITests;
			productReference = 004F802928A8B51F00D504DC /* MultipleCaptureCameraDemoUITests.xctest */;
			productType = "com.apple.product-type.bundle.ui-testing";
		};
/* End PBXNativeTarget section */

/* Begin PBXProject section */
		004F800128A8B51C00D504DC /* Project object */ = {
			isa = PBXProject;
			attributes = {
				BuildIndependentTargetsInParallel = 1;
				LastSwiftUpdateCheck = 1320;
				LastUpgradeCheck = 1320;
				TargetAttributes = {
					004F800828A8B51C00D504DC = {
						CreatedOnToolsVersion = 13.2.1;
					};
					004F801E28A8B51F00D504DC = {
						CreatedOnToolsVersion = 13.2.1;
						TestTargetID = 004F800828A8B51C00D504DC;
					};
					004F802828A8B51F00D504DC = {
						CreatedOnToolsVersion = 13.2.1;
						TestTargetID = 004F800828A8B51C00D504DC;
					};
				};
			};
			buildConfigurationList = 004F800428A8B51C00D504DC /* Build configuration list for PBXProject "MultipleCaptureCameraDemo" */;
			compatibilityVersion = "Xcode 13.0";
			developmentRegion = en;
			hasScannedForEncodings = 0;
			knownRegions = (
				en,
				Base,
			);
			mainGroup = 004F800028A8B51C00D504DC;
			productRefGroup = 004F800A28A8B51C00D504DC /* Products */;
			projectDirPath = "";
			projectRoot = "";
			targets = (
				004F800828A8B51C00D504DC /* MultipleCaptureCameraDemo */,
				004F801E28A8B51F00D504DC /* MultipleCaptureCameraDemoTests */,
				004F802828A8B51F00D504DC /* MultipleCaptureCameraDemoUITests */,
			);
		};
/* End PBXProject section */

/* Begin PBXResourcesBuildPhase section */
		004F800728A8B51C00D504DC /* Resources */ = {
			isa = PBXResourcesBuildPhase;
			buildActionMask = 2147483647;
			files = (
				004F801928A8B51F00D504DC /* LaunchScreen.storyboard in Resources */,
				004F801628A8B51F00D504DC /* Assets.xcassets in Resources */,
				004F801428A8B51C00D504DC /* Main.storyboard in Resources */,
				004F804828A8FDCD00D504DC /* CameraCollectionViewCell.xib in Resources */,
				000E08DD28AB8D1900CC126F /* Camera.storyboard in Resources */,
			);
			runOnlyForDeploymentPostprocessing = 0;
		};
		004F801D28A8B51F00D504DC /* Resources */ = {
			isa = PBXResourcesBuildPhase;
			buildActionMask = 2147483647;
			files = (
			);
			runOnlyForDeploymentPostprocessing = 0;
		};
		004F802728A8B51F00D504DC /* Resources */ = {
			isa = PBXResourcesBuildPhase;
			buildActionMask = 2147483647;
			files = (
			);
			runOnlyForDeploymentPostprocessing = 0;
		};
/* End PBXResourcesBuildPhase section */

/* Begin PBXSourcesBuildPhase section */
		004F800528A8B51C00D504DC /* Sources */ = {
			isa = PBXSourcesBuildPhase;
			buildActionMask = 2147483647;
			files = (
				004F801128A8B51C00D504DC /* ViewController.swift in Sources */,
				004F804C28A903C600D504DC /* CaptureManager.swift in Sources */,
				004F800D28A8B51C00D504DC /* AppDelegate.swift in Sources */,
				004F804E28A9041900D504DC /* LowLightService.swift in Sources */,
				00B2AC2028AA5B1E006425D9 /* PhotoStorage.swift in Sources */,
				004F804328A8CD6A00D504DC /* TriggerButton.swift in Sources */,
				004F804728A8FDCD00D504DC /* CameraCollectionViewCell.swift in Sources */,
				004F800F28A8B51C00D504DC /* SceneDelegate.swift in Sources */,
				004F805028A9042B00D504DC /* LightingCondition.swift in Sources */,
				004F803F28A8C0BE00D504DC /* CameraVC.swift in Sources */,
			);
			runOnlyForDeploymentPostprocessing = 0;
		};
		004F801B28A8B51F00D504DC /* Sources */ = {
			isa = PBXSourcesBuildPhase;
			buildActionMask = 2147483647;
			files = (
				004F802428A8B51F00D504DC /* MultipleCaptureCameraDemoTests.swift in Sources */,
			);
			runOnlyForDeploymentPostprocessing = 0;
		};
		004F802528A8B51F00D504DC /* Sources */ = {
			isa = PBXSourcesBuildPhase;
			buildActionMask = 2147483647;
			files = (
				004F802E28A8B51F00D504DC /* MultipleCaptureCameraDemoUITests.swift in Sources */,
				004F803028A8B51F00D504DC /* MultipleCaptureCameraDemoUITestsLaunchTests.swift in Sources */,
			);
			runOnlyForDeploymentPostprocessing = 0;
		};
/* End PBXSourcesBuildPhase section */

/* Begin PBXTargetDependency section */
		004F802128A8B51F00D504DC /* PBXTargetDependency */ = {
			isa = PBXTargetDependency;
			target = 004F800828A8B51C00D504DC /* MultipleCaptureCameraDemo */;
			targetProxy = 004F802028A8B51F00D504DC /* PBXContainerItemProxy */;
		};
		004F802B28A8B51F00D504DC /* PBXTargetDependency */ = {
			isa = PBXTargetDependency;
			target = 004F800828A8B51C00D504DC /* MultipleCaptureCameraDemo */;
			targetProxy = 004F802A28A8B51F00D504DC /* PBXContainerItemProxy */;
		};
/* End PBXTargetDependency section */

/* Begin PBXVariantGroup section */
		004F801228A8B51C00D504DC /* Main.storyboard */ = {
			isa = PBXVariantGroup;
			children = (
				004F801328A8B51C00D504DC /* Base */,
			);
			name = Main.storyboard;
			sourceTree = "<group>";
		};
		004F801728A8B51F00D504DC /* LaunchScreen.storyboard */ = {
			isa = PBXVariantGroup;
			children = (
				004F801828A8B51F00D504DC /* Base */,
			);
			name = LaunchScreen.storyboard;
			sourceTree = "<group>";
		};
/* End PBXVariantGroup section */

/* Begin XCBuildConfiguration section */
		004F803128A8B51F00D504DC /* Debug */ = {
			isa = XCBuildConfiguration;
			buildSettings = {
				ALWAYS_SEARCH_USER_PATHS = NO;
				CLANG_ANALYZER_NONNULL = YES;
				CLANG_ANALYZER_NUMBER_OBJECT_CONVERSION = YES_AGGRESSIVE;
				CLANG_CXX_LANGUAGE_STANDARD = "gnu++17";
				CLANG_CXX_LIBRARY = "libc++";
				CLANG_ENABLE_MODULES = YES;
				CLANG_ENABLE_OBJC_ARC = YES;
				CLANG_ENABLE_OBJC_WEAK = YES;
				CLANG_WARN_BLOCK_CAPTURE_AUTORELEASING = YES;
				CLANG_WARN_BOOL_CONVERSION = YES;
				CLANG_WARN_COMMA = YES;
				CLANG_WARN_CONSTANT_CONVERSION = YES;
				CLANG_WARN_DEPRECATED_OBJC_IMPLEMENTATIONS = YES;
				CLANG_WARN_DIRECT_OBJC_ISA_USAGE = YES_ERROR;
				CLANG_WARN_DOCUMENTATION_COMMENTS = YES;
				CLANG_WARN_EMPTY_BODY = YES;
				CLANG_WARN_ENUM_CONVERSION = YES;
				CLANG_WARN_INFINITE_RECURSION = YES;
				CLANG_WARN_INT_CONVERSION = YES;
				CLANG_WARN_NON_LITERAL_NULL_CONVERSION = YES;
				CLANG_WARN_OBJC_IMPLICIT_RETAIN_SELF = YES;
				CLANG_WARN_OBJC_LITERAL_CONVERSION = YES;
				CLANG_WARN_OBJC_ROOT_CLASS = YES_ERROR;
				CLANG_WARN_QUOTED_INCLUDE_IN_FRAMEWORK_HEADER = YES;
				CLANG_WARN_RANGE_LOOP_ANALYSIS = YES;
				CLANG_WARN_STRICT_PROTOTYPES = YES;
				CLANG_WARN_SUSPICIOUS_MOVE = YES;
				CLANG_WARN_UNGUARDED_AVAILABILITY = YES_AGGRESSIVE;
				CLANG_WARN_UNREACHABLE_CODE = YES;
				CLANG_WARN__DUPLICATE_METHOD_MATCH = YES;
				COPY_PHASE_STRIP = NO;
				DEBUG_INFORMATION_FORMAT = dwarf;
				ENABLE_STRICT_OBJC_MSGSEND = YES;
				ENABLE_TESTABILITY = YES;
				GCC_C_LANGUAGE_STANDARD = gnu11;
				GCC_DYNAMIC_NO_PIC = NO;
				GCC_NO_COMMON_BLOCKS = YES;
				GCC_OPTIMIZATION_LEVEL = 0;
				GCC_PREPROCESSOR_DEFINITIONS = (
					"DEBUG=1",
					"$(inherited)",
				);
				GCC_WARN_64_TO_32_BIT_CONVERSION = YES;
				GCC_WARN_ABOUT_RETURN_TYPE = YES_ERROR;
				GCC_WARN_UNDECLARED_SELECTOR = YES;
				GCC_WARN_UNINITIALIZED_AUTOS = YES_AGGRESSIVE;
				GCC_WARN_UNUSED_FUNCTION = YES;
				GCC_WARN_UNUSED_VARIABLE = YES;
				IPHONEOS_DEPLOYMENT_TARGET = 15.2;
				MTL_ENABLE_DEBUG_INFO = INCLUDE_SOURCE;
				MTL_FAST_MATH = YES;
				ONLY_ACTIVE_ARCH = YES;
				SDKROOT = iphoneos;
				SWIFT_ACTIVE_COMPILATION_CONDITIONS = DEBUG;
				SWIFT_OPTIMIZATION_LEVEL = "-Onone";
			};
			name = Debug;
		};
		004F803228A8B51F00D504DC /* Release */ = {
			isa = XCBuildConfiguration;
			buildSettings = {
				ALWAYS_SEARCH_USER_PATHS = NO;
				CLANG_ANALYZER_NONNULL = YES;
				CLANG_ANALYZER_NUMBER_OBJECT_CONVERSION = YES_AGGRESSIVE;
				CLANG_CXX_LANGUAGE_STANDARD = "gnu++17";
				CLANG_CXX_LIBRARY = "libc++";
				CLANG_ENABLE_MODULES = YES;
				CLANG_ENABLE_OBJC_ARC = YES;
				CLANG_ENABLE_OBJC_WEAK = YES;
				CLANG_WARN_BLOCK_CAPTURE_AUTORELEASING = YES;
				CLANG_WARN_BOOL_CONVERSION = YES;
				CLANG_WARN_COMMA = YES;
				CLANG_WARN_CONSTANT_CONVERSION = YES;
				CLANG_WARN_DEPRECATED_OBJC_IMPLEMENTATIONS = YES;
				CLANG_WARN_DIRECT_OBJC_ISA_USAGE = YES_ERROR;
				CLANG_WARN_DOCUMENTATION_COMMENTS = YES;
				CLANG_WARN_EMPTY_BODY = YES;
				CLANG_WARN_ENUM_CONVERSION = YES;
				CLANG_WARN_INFINITE_RECURSION = YES;
				CLANG_WARN_INT_CONVERSION = YES;
				CLANG_WARN_NON_LITERAL_NULL_CONVERSION = YES;
				CLANG_WARN_OBJC_IMPLICIT_RETAIN_SELF = YES;
				CLANG_WARN_OBJC_LITERAL_CONVERSION = YES;
				CLANG_WARN_OBJC_ROOT_CLASS = YES_ERROR;
				CLANG_WARN_QUOTED_INCLUDE_IN_FRAMEWORK_HEADER = YES;
				CLANG_WARN_RANGE_LOOP_ANALYSIS = YES;
				CLANG_WARN_STRICT_PROTOTYPES = YES;
				CLANG_WARN_SUSPICIOUS_MOVE = YES;
				CLANG_WARN_UNGUARDED_AVAILABILITY = YES_AGGRESSIVE;
				CLANG_WARN_UNREACHABLE_CODE = YES;
				CLANG_WARN__DUPLICATE_METHOD_MATCH = YES;
				COPY_PHASE_STRIP = NO;
				DEBUG_INFORMATION_FORMAT = "dwarf-with-dsym";
				ENABLE_NS_ASSERTIONS = NO;
				ENABLE_STRICT_OBJC_MSGSEND = YES;
				GCC_C_LANGUAGE_STANDARD = gnu11;
				GCC_NO_COMMON_BLOCKS = YES;
				GCC_WARN_64_TO_32_BIT_CONVERSION = YES;
				GCC_WARN_ABOUT_RETURN_TYPE = YES_ERROR;
				GCC_WARN_UNDECLARED_SELECTOR = YES;
				GCC_WARN_UNINITIALIZED_AUTOS = YES_AGGRESSIVE;
				GCC_WARN_UNUSED_FUNCTION = YES;
				GCC_WARN_UNUSED_VARIABLE = YES;
				IPHONEOS_DEPLOYMENT_TARGET = 15.2;
				MTL_ENABLE_DEBUG_INFO = NO;
				MTL_FAST_MATH = YES;
				SDKROOT = iphoneos;
				SWIFT_COMPILATION_MODE = wholemodule;
				SWIFT_OPTIMIZATION_LEVEL = "-O";
				VALIDATE_PRODUCT = YES;
			};
			name = Release;
		};
		004F803428A8B51F00D504DC /* Debug */ = {
			isa = XCBuildConfiguration;
			buildSettings = {
				ASSETCATALOG_COMPILER_APPICON_NAME = AppIcon;
				ASSETCATALOG_COMPILER_GLOBAL_ACCENT_COLOR_NAME = AccentColor;
				CODE_SIGN_STYLE = Automatic;
				CURRENT_PROJECT_VERSION = 1;
				DEVELOPMENT_TEAM = GDHMVG3F84;
				GENERATE_INFOPLIST_FILE = YES;
				INFOPLIST_FILE = MultipleCaptureCameraDemo/Info.plist;
				INFOPLIST_KEY_UIApplicationSupportsIndirectInputEvents = YES;
				INFOPLIST_KEY_UILaunchStoryboardName = LaunchScreen;
				INFOPLIST_KEY_UIMainStoryboardFile = Main;
				INFOPLIST_KEY_UISupportedInterfaceOrientations_iPad = "UIInterfaceOrientationPortrait UIInterfaceOrientationPortraitUpsideDown UIInterfaceOrientationLandscapeLeft UIInterfaceOrientationLandscapeRight";
				INFOPLIST_KEY_UISupportedInterfaceOrientations_iPhone = "UIInterfaceOrientationPortrait UIInterfaceOrientationLandscapeLeft UIInterfaceOrientationLandscapeRight";
				LD_RUNPATH_SEARCH_PATHS = (
					"$(inherited)",
					"@executable_path/Frameworks",
				);
				MARKETING_VERSION = 1.0;
				PRODUCT_BUNDLE_IDENTIFIER = com.nazmulhoda.MultipleCaptureCameraDemo;
				PRODUCT_NAME = "$(TARGET_NAME)";
				SWIFT_EMIT_LOC_STRINGS = YES;
				SWIFT_VERSION = 5.0;
				TARGETED_DEVICE_FAMILY = "1,2";
			};
			name = Debug;
		};
		004F803528A8B51F00D504DC /* Release */ = {
			isa = XCBuildConfiguration;
			buildSettings = {
				ASSETCATALOG_COMPILER_APPICON_NAME = AppIcon;
				ASSETCATALOG_COMPILER_GLOBAL_ACCENT_COLOR_NAME = AccentColor;
				CODE_SIGN_STYLE = Automatic;
				CURRENT_PROJECT_VERSION = 1;
				DEVELOPMENT_TEAM = GDHMVG3F84;
				GENERATE_INFOPLIST_FILE = YES;
				INFOPLIST_FILE = MultipleCaptureCameraDemo/Info.plist;
				INFOPLIST_KEY_UIApplicationSupportsIndirectInputEvents = YES;
				INFOPLIST_KEY_UILaunchStoryboardName = LaunchScreen;
				INFOPLIST_KEY_UIMainStoryboardFile = Main;
				INFOPLIST_KEY_UISupportedInterfaceOrientations_iPad = "UIInterfaceOrientationPortrait UIInterfaceOrientationPortraitUpsideDown UIInterfaceOrientationLandscapeLeft UIInterfaceOrientationLandscapeRight";
				INFOPLIST_KEY_UISupportedInterfaceOrientations_iPhone = "UIInterfaceOrientationPortrait UIInterfaceOrientationLandscapeLeft UIInterfaceOrientationLandscapeRight";
				LD_RUNPATH_SEARCH_PATHS = (
					"$(inherited)",
					"@executable_path/Frameworks",
				);
				MARKETING_VERSION = 1.0;
				PRODUCT_BUNDLE_IDENTIFIER = com.nazmulhoda.MultipleCaptureCameraDemo;
				PRODUCT_NAME = "$(TARGET_NAME)";
				SWIFT_EMIT_LOC_STRINGS = YES;
				SWIFT_VERSION = 5.0;
				TARGETED_DEVICE_FAMILY = "1,2";
			};
			name = Release;
		};
		004F803728A8B51F00D504DC /* Debug */ = {
			isa = XCBuildConfiguration;
			buildSettings = {
				ALWAYS_EMBED_SWIFT_STANDARD_LIBRARIES = YES;
				BUNDLE_LOADER = "$(TEST_HOST)";
				CODE_SIGN_STYLE = Automatic;
				CURRENT_PROJECT_VERSION = 1;
				DEVELOPMENT_TEAM = Y3VRYY266M;
				GENERATE_INFOPLIST_FILE = YES;
				IPHONEOS_DEPLOYMENT_TARGET = 15.2;
				MARKETING_VERSION = 1.0;
				PRODUCT_BUNDLE_IDENTIFIER = com.nazmulhoda.MultipleCaptureCameraDemoTests;
				PRODUCT_NAME = "$(TARGET_NAME)";
				SWIFT_EMIT_LOC_STRINGS = NO;
				SWIFT_VERSION = 5.0;
				TARGETED_DEVICE_FAMILY = "1,2";
				TEST_HOST = "$(BUILT_PRODUCTS_DIR)/MultipleCaptureCameraDemo.app/MultipleCaptureCameraDemo";
			};
			name = Debug;
		};
		004F803828A8B51F00D504DC /* Release */ = {
			isa = XCBuildConfiguration;
			buildSettings = {
				ALWAYS_EMBED_SWIFT_STANDARD_LIBRARIES = YES;
				BUNDLE_LOADER = "$(TEST_HOST)";
				CODE_SIGN_STYLE = Automatic;
				CURRENT_PROJECT_VERSION = 1;
				DEVELOPMENT_TEAM = Y3VRYY266M;
				GENERATE_INFOPLIST_FILE = YES;
				IPHONEOS_DEPLOYMENT_TARGET = 15.2;
				MARKETING_VERSION = 1.0;
				PRODUCT_BUNDLE_IDENTIFIER = com.nazmulhoda.MultipleCaptureCameraDemoTests;
				PRODUCT_NAME = "$(TARGET_NAME)";
				SWIFT_EMIT_LOC_STRINGS = NO;
				SWIFT_VERSION = 5.0;
				TARGETED_DEVICE_FAMILY = "1,2";
				TEST_HOST = "$(BUILT_PRODUCTS_DIR)/MultipleCaptureCameraDemo.app/MultipleCaptureCameraDemo";
			};
			name = Release;
		};
		004F803A28A8B51F00D504DC /* Debug */ = {
			isa = XCBuildConfiguration;
			buildSettings = {
				ALWAYS_EMBED_SWIFT_STANDARD_LIBRARIES = YES;
				CODE_SIGN_STYLE = Automatic;
				CURRENT_PROJECT_VERSION = 1;
				DEVELOPMENT_TEAM = Y3VRYY266M;
				GENERATE_INFOPLIST_FILE = YES;
				MARKETING_VERSION = 1.0;
				PRODUCT_BUNDLE_IDENTIFIER = com.nazmulhoda.MultipleCaptureCameraDemoUITests;
				PRODUCT_NAME = "$(TARGET_NAME)";
				SWIFT_EMIT_LOC_STRINGS = NO;
				SWIFT_VERSION = 5.0;
				TARGETED_DEVICE_FAMILY = "1,2";
				TEST_TARGET_NAME = MultipleCaptureCameraDemo;
			};
			name = Debug;
		};
		004F803B28A8B51F00D504DC /* Release */ = {
			isa = XCBuildConfiguration;
			buildSettings = {
				ALWAYS_EMBED_SWIFT_STANDARD_LIBRARIES = YES;
				CODE_SIGN_STYLE = Automatic;
				CURRENT_PROJECT_VERSION = 1;
				DEVELOPMENT_TEAM = Y3VRYY266M;
				GENERATE_INFOPLIST_FILE = YES;
				MARKETING_VERSION = 1.0;
				PRODUCT_BUNDLE_IDENTIFIER = com.nazmulhoda.MultipleCaptureCameraDemoUITests;
				PRODUCT_NAME = "$(TARGET_NAME)";
				SWIFT_EMIT_LOC_STRINGS = NO;
				SWIFT_VERSION = 5.0;
				TARGETED_DEVICE_FAMILY = "1,2";
				TEST_TARGET_NAME = MultipleCaptureCameraDemo;
			};
			name = Release;
		};
/* End XCBuildConfiguration section */

/* Begin XCConfigurationList section */
		004F800428A8B51C00D504DC /* Build configuration list for PBXProject "MultipleCaptureCameraDemo" */ = {
			isa = XCConfigurationList;
			buildConfigurations = (
				004F803128A8B51F00D504DC /* Debug */,
				004F803228A8B51F00D504DC /* Release */,
			);
			defaultConfigurationIsVisible = 0;
			defaultConfigurationName = Release;
		};
		004F803328A8B51F00D504DC /* Build configuration list for PBXNativeTarget "MultipleCaptureCameraDemo" */ = {
			isa = XCConfigurationList;
			buildConfigurations = (
				004F803428A8B51F00D504DC /* Debug */,
				004F803528A8B51F00D504DC /* Release */,
			);
			defaultConfigurationIsVisible = 0;
			defaultConfigurationName = Release;
		};
		004F803628A8B51F00D504DC /* Build configuration list for PBXNativeTarget "MultipleCaptureCameraDemoTests" */ = {
			isa = XCConfigurationList;
			buildConfigurations = (
				004F803728A8B51F00D504DC /* Debug */,
				004F803828A8B51F00D504DC /* Release */,
			);
			defaultConfigurationIsVisible = 0;
			defaultConfigurationName = Release;
		};
		004F803928A8B51F00D504DC /* Build configuration list for PBXNativeTarget "MultipleCaptureCameraDemoUITests" */ = {
			isa = XCConfigurationList;
			buildConfigurations = (
				004F803A28A8B51F00D504DC /* Debug */,
				004F803B28A8B51F00D504DC /* Release */,
			);
			defaultConfigurationIsVisible = 0;
			defaultConfigurationName = Release;
		};
/* End XCConfigurationList section */
	};
	rootObject = 004F800128A8B51C00D504DC /* Project object */;
}
